
Microsoft Visual Studio Solution File, Format Version 12.00
# Visual Studio Version 17
VisualStudioVersion = 17.7.34031.279
MinimumVisualStudioVersion = 10.0.40219.1
Project("{9A19103F-16F7-4668-BE54-9A1E7A4F7556}") = "TravelManagement.Domain", "TravelManagement.Domain\TravelManagement.Domain.csproj", "{B9128944-CCDA-4946-B1BD-CE237C6F5935}"
EndProject
Project("{2150E333-8FDC-42A3-9474-1A3956D46DE8}") = "Shared", "Shared", "{12A8F2A0-9AE5-421F-843D-D247E1C24087}"
EndProject
Project("{FAE04EC0-301F-11D3-BF4B-00C04F79EFBC}") = "TravelManagement.Shared.Abstractions", "TravelManagement.Shared.Abstractions\TravelManagement.Shared.Abstractions.csproj", "{F06D9B7E-217A-4EE3-AF0E-907520E55195}"
EndProject
Global
	GlobalSection(SolutionConfigurationPlatforms) = preSolution
		Debug|Any CPU = Debug|Any CPU
		Release|Any CPU = Release|Any CPU
	EndGlobalSection
	GlobalSection(ProjectConfigurationPlatforms) = postSolution
		{B9128944-CCDA-4946-B1BD-CE237C6F5935}.Debug|Any CPU.ActiveCfg = Debug|Any CPU
		{B9128944-CCDA-4946-B1BD-CE237C6F5935}.Debug|Any CPU.Build.0 = Debug|Any CPU
		{B9128944-CCDA-4946-B1BD-CE237C6F5935}.Release|Any CPU.ActiveCfg = Release|Any CPU
		{B9128944-CCDA-4946-B1BD-CE237C6F5935}.Release|Any CPU.Build.0 = Release|Any CPU
		{F06D9B7E-217A-4EE3-AF0E-907520E55195}.Debug|Any CPU.ActiveCfg = Debug|Any CPU
		{F06D9B7E-217A-4EE3-AF0E-907520E55195}.Debug|Any CPU.Build.0 = Debug|Any CPU
		{F06D9B7E-217A-4EE3-AF0E-907520E55195}.Release|Any CPU.ActiveCfg = Release|Any CPU
		{F06D9B7E-217A-4EE3-AF0E-907520E55195}.Release|Any CPU.Build.0 = Release|Any CPU
	EndGlobalSection
	GlobalSection(SolutionProperties) = preSolution
		HideSolutionNode = FALSE
	EndGlobalSection
	GlobalSection(NestedProjects) = preSolution
		{F06D9B7E-217A-4EE3-AF0E-907520E55195} = {12A8F2A0-9AE5-421F-843D-D247E1C24087}
	EndGlobalSection
	GlobalSection(ExtensibilityGlobals) = postSolution
		SolutionGuid = {45B8BA4A-724E-4215-B7D0-61C533AAAE1E}
	EndGlobalSection
EndGlobal
